<?xml version="1.0" encoding="utf-8"?>
<Project ToolsVersion="4.0" xmlns="http://schemas.microsoft.com/developer/msbuild/2003">
  <ItemGroup>
    <Filter Include="Source Files">
      <UniqueIdentifier>{4FC737F1-C7A5-4376-A066-2A32D752A2FF}</UniqueIdentifier>
      <Extensions>cpp;c;cc;cxx;c++;cppm;ixx;def;odl;idl;hpj;bat;asm;asmx</Extensions>
    </Filter>
    <Filter Include="Header Files">
      <UniqueIdentifier>{93995380-89BD-4b04-88EB-625FBE52EBFB}</UniqueIdentifier>
      <Extensions>h;hh;hpp;hxx;h++;hm;inl;inc;ipp;xsd</Extensions>
    </Filter>
    <Filter Include="Resource Files">
      <UniqueIdentifier>{67DA6AB6-F800-4c08-8B7A-83BB121AAD01}</UniqueIdentifier>
      <Extensions>rc;ico;cur;bmp;dlg;rc2;rct;bin;rgs;gif;jpg;jpeg;jpe;resx;tiff;tif;png;wav;mfcribbon-ms</Extensions>
    </Filter>
    <Filter Include="Resource Files\Hanafuda Cards">
      <UniqueIdentifier>{ffc8b9f4-c5a3-461e-943f-9b14646e4bbf}</UniqueIdentifier>
    </Filter>
  </ItemGroup>
  <ItemGroup>
    <ClCompile Include="src\Hanafuda_Card.cpp">
      <Filter>Source Files</Filter>
    </ClCompile>
    <ClCompile Include="src\Hanafuda_Deck.cpp">
      <Filter>Source Files</Filter>
    </ClCompile>
    <ClCompile Include="src\KoiKoi_Display.cpp">
      <Filter>Source Files</Filter>
    </ClCompile>
    <ClCompile Include="src\KoiKoi_Game.cpp">
      <Filter>Source Files</Filter>
    </ClCompile>
    <ClCompile Include="src\KoiKoi_Game_Handler.cpp">
      <Filter>Source Files</Filter>
    </ClCompile>
    <ClCompile Include="src\main.cpp">
      <Filter>Source Files</Filter>
    </ClCompile>
    <ClCompile Include="src\Player.cpp">
      <Filter>Source Files</Filter>
    </ClCompile>
  </ItemGroup>
  <ItemGroup>
    <ClInclude Include="src\Hanafuda_Card.h">
      <Filter>Header Files</Filter>
    </ClInclude>
    <ClInclude Include="src\Hanafuda_Deck.h">
      <Filter>Header Files</Filter>
    </ClInclude>
    <ClInclude Include="src\KoiKoi_Display.h">
      <Filter>Header Files</Filter>
    </ClInclude>
    <ClInclude Include="src\KoiKoi_Game.h">
      <Filter>Header Files</Filter>
    </ClInclude>
    <ClInclude Include="src\KoiKoi_Game_Handler.h">
      <Filter>Header Files</Filter>
    </ClInclude>
    <ClInclude Include="src\Player.h">
      <Filter>Header Files</Filter>
    </ClInclude>
    <ClInclude Include="KoiKoi.h">
      <Filter>Header Files</Filter>
    </ClInclude>
  </ItemGroup>
  <ItemGroup>
    <Text Include="bin\seed_log.txt">
      <Filter>Resource Files</Filter>
    </Text>
    <Text Include="Hanafuda Cards\CardInfo.txt">
      <Filter>Resource Files\Hanafuda Cards</Filter>
    </Text>
  </ItemGroup>
  <ItemGroup>
    <Image Include="Hanafuda Cards\M0_S0_A.png">
      <Filter>Resource Files\Hanafuda Cards</Filter>
    </Image>
    <Image Include="Hanafuda Cards\M0_S0_B.png">
      <Filter>Resource Files\Hanafuda Cards</Filter>
    </Image>
    <Image Include="Hanafuda Cards\M0_S2.png">
      <Filter>Resource Files\Hanafuda Cards</Filter>
    </Image>
    <Image Include="Hanafuda Cards\crane_and_sun.png">
      <Filter>Resource Files\Hanafuda Cards</Filter>
    </Image>
    <Image Include="Hanafuda Cards\M1_S0_A.png">
      <Filter>Resource Files\Hanafuda Cards</Filter>
    </Image>
    <Image Include="Hanafuda Cards\M1_S0_B.png">
      <Filter>Resource Files\Hanafuda Cards</Filter>
    </Image>
    <Image Include="Hanafuda Cards\M1_S2.png">
      <Filter>Resource Files\Hanafuda Cards</Filter>
    </Image>
    <Image Include="Hanafuda Cards\warbling_white-eye.png">
      <Filter>Resource Files\Hanafuda Cards</Filter>
    </Image>
    <Image Include="Hanafuda Cards\M2_S0_A.png">
      <Filter>Resource Files\Hanafuda Cards</Filter>
    </Image>
    <Image Include="Hanafuda Cards\M2_S0_B.png">
      <Filter>Resource Files\Hanafuda Cards</Filter>
    </Image>
    <Image Include="Hanafuda Cards\M2_S2.png">
      <Filter>Resource Files\Hanafuda Cards</Filter>
    </Image>
    <Image Include="Hanafuda Cards\curtain.png">
      <Filter>Resource Files\Hanafuda Cards</Filter>
    </Image>
    <Image Include="Hanafuda Cards\M3_S0_A.png">
      <Filter>Resource Files\Hanafuda Cards</Filter>
    </Image>
    <Image Include="Hanafuda Cards\M3_S0_B.png">
      <Filter>Resource Files\Hanafuda Cards</Filter>
    </Image>
    <Image Include="Hanafuda Cards\M3_S1.png">
      <Filter>Resource Files\Hanafuda Cards</Filter>
    </Image>
    <Image Include="Hanafuda Cards\cuckoo.png">
      <Filter>Resource Files\Hanafuda Cards</Filter>
    </Image>
    <Image Include="Hanafuda Cards\M4_S0_A.png">
      <Filter>Resource Files\Hanafuda Cards</Filter>
    </Image>
    <Image Include="Hanafuda Cards\M4_S0_B.png">
      <Filter>Resource Files\Hanafuda Cards</Filter>
    </Image>
    <Image Include="Hanafuda Cards\M4_S1.png">
      <Filter>Resource Files\Hanafuda Cards</Filter>
    </Image>
    <Image Include="Hanafuda Cards\eight-plank_bridge.png">
      <Filter>Resource Files\Hanafuda Cards</Filter>
    </Image>
    <Image Include="Hanafuda Cards\M5_S0_A.png">
      <Filter>Resource Files\Hanafuda Cards</Filter>
    </Image>
    <Image Include="Hanafuda Cards\M5_S0_B.png">
      <Filter>Resource Files\Hanafuda Cards</Filter>
    </Image>
    <Image Include="Hanafuda Cards\M5_S3.png">
      <Filter>Resource Files\Hanafuda Cards</Filter>
    </Image>
    <Image Include="Hanafuda Cards\butterfly.png">
      <Filter>Resource Files\Hanafuda Cards</Filter>
    </Image>
    <Image Include="Hanafuda Cards\M6_S0_A.png">
      <Filter>Resource Files\Hanafuda Cards</Filter>
    </Image>
    <Image Include="Hanafuda Cards\M6_S0_B.png">
      <Filter>Resource Files\Hanafuda Cards</Filter>
    </Image>
    <Image Include="Hanafuda Cards\M6_S1.png">
      <Filter>Resource Files\Hanafuda Cards</Filter>
    </Image>
    <Image Include="Hanafuda Cards\boar.png">
      <Filter>Resource Files\Hanafuda Cards</Filter>
    </Image>
    <Image Include="Hanafuda Cards\M7_S0_A.png">
      <Filter>Resource Files\Hanafuda Cards</Filter>
    </Image>
    <Image Include="Hanafuda Cards\M7_S0_B.png">
      <Filter>Resource Files\Hanafuda Cards</Filter>
    </Image>
    <Image Include="Hanafuda Cards\geese.png">
      <Filter>Resource Files\Hanafuda Cards</Filter>
    </Image>
    <Image Include="Hanafuda Cards\full_moon.png">
      <Filter>Resource Files\Hanafuda Cards</Filter>
    </Image>
    <Image Include="Hanafuda Cards\M8_S0_A.png">
      <Filter>Resource Files\Hanafuda Cards</Filter>
    </Image>
    <Image Include="Hanafuda Cards\M8_S0_B.png">
      <Filter>Resource Files\Hanafuda Cards</Filter>
    </Image>
    <Image Include="Hanafuda Cards\M8_S3.png">
      <Filter>Resource Files\Hanafuda Cards</Filter>
    </Image>
    <Image Include="Hanafuda Cards\sake_cup.png">
      <Filter>Resource Files\Hanafuda Cards</Filter>
    </Image>
    <Image Include="Hanafuda Cards\M9_S0_A.png">
      <Filter>Resource Files\Hanafuda Cards</Filter>
    </Image>
    <Image Include="Hanafuda Cards\M9_S0_B.png">
      <Filter>Resource Files\Hanafuda Cards</Filter>
    </Image>
    <Image Include="Hanafuda Cards\M9_S3.png">
      <Filter>Resource Files\Hanafuda Cards</Filter>
    </Image>
    <Image Include="Hanafuda Cards\deer.png">
      <Filter>Resource Files\Hanafuda Cards</Filter>
    </Image>
    <Image Include="Hanafuda Cards\lighting.png">
      <Filter>Resource Files\Hanafuda Cards</Filter>
    </Image>
    <Image Include="Hanafuda Cards\M10_S1.png">
      <Filter>Resource Files\Hanafuda Cards</Filter>
    </Image>
    <Image Include="Hanafuda Cards\swallow.png">
      <Filter>Resource Files\Hanafuda Cards</Filter>
    </Image>
    <Image Include="Hanafuda Cards\ono_no_michikaze.png">
      <Filter>Resource Files\Hanafuda Cards</Filter>
    </Image>
    <Image Include="Hanafuda Cards\M11_S0_A.png">
      <Filter>Resource Files\Hanafuda Cards</Filter>
    </Image>
    <Image Include="Hanafuda Cards\M11_S0_B.png">
      <Filter>Resource Files\Hanafuda Cards</Filter>
    </Image>
    <Image Include="Hanafuda Cards\M11_S0_C.png">
      <Filter>Resource Files\Hanafuda Cards</Filter>
    </Image>
    <Image Include="Hanafuda Cards\chinese_phoenix.png">
      <Filter>Resource Files\Hanafuda Cards</Filter>
    </Image>
    <Image Include="Hanafuda Cards\backCard.png">
      <Filter>Resource Files\Hanafuda Cards</Filter>
    </Image>
    <Image Include="Hanafuda Cards\highlight.png">
      <Filter>Resource Files\Hanafuda Cards</Filter>
    </Image>
  </ItemGroup>
  <ItemGroup>
    <None Include="cpp.hint" />
  </ItemGroup>
</Project>